
Microsoft Visual Studio Solution File, Format Version 12.00
# Visual Studio Version 17
VisualStudioVersion = 17.2.32616.157
MinimumVisualStudioVersion = 10.0.40219.1
Project("{FAE04EC0-301F-11D3-BF4B-00C04F79EFBC}") = "ProjectMuseum", "ProjectMuseum\ProjectMuseum.csproj", "{34F8F2C0-4453-4630-9E7F-FDEFE3B33582}"
EndProject
Global
	GlobalSection(SolutionConfigurationPlatforms) = preSolution
		Debug|Any CPU = Debug|Any CPU
		Release|Any CPU = Release|Any CPU
	EndGlobalSection
	GlobalSection(ProjectConfigurationPlatforms) = postSolution
		{34F8F2C0-4453-4630-9E7F-FDEFE3B33582}.Debug|Any CPU.ActiveCfg = Debug|Any CPU
		{34F8F2C0-4453-4630-9E7F-FDEFE3B33582}.Debug|Any CPU.Build.0 = Debug|Any CPU
		{34F8F2C0-4453-4630-9E7F-FDEFE3B33582}.Release|Any CPU.ActiveCfg = Release|Any CPU
		{34F8F2C0-4453-4630-9E7F-FDEFE3B33582}.Release|Any CPU.Build.0 = Release|Any CPU
	EndGlobalSection
	GlobalSection(SolutionProperties) = preSolution
		HideSolutionNode = FALSE
	EndGlobalSection
	GlobalSection(ExtensibilityGlobals) = postSolution
		SolutionGuid = {137BCE26-D919-481B-AFD5-C5B85EF4A19B}
	EndGlobalSection
EndGlobal
